
Microsoft Visual Studio Solution File, Format Version 12.00
# Visual Studio Version 16
VisualStudioVersion = 16.0.31911.196
MinimumVisualStudioVersion = 10.0.40219.1
Project("{9A19103F-16F7-4668-BE54-9A1E7A4F7556}") = "IniDocument", "IniDocument\IniDocument.csproj", "{EA2BBAB6-4361-4833-BC2D-1CABC493265D}"
EndProject
Global
	GlobalSection(SolutionConfigurationPlatforms) = preSolution
		Debug|Any CPU = Debug|Any CPU
		Release|Any CPU = Release|Any CPU
	EndGlobalSection
	GlobalSection(ProjectConfigurationPlatforms) = postSolution
		{EA2BBAB6-4361-4833-BC2D-1CABC493265D}.Debug|Any CPU.ActiveCfg = Debug|Any CPU
		{EA2BBAB6-4361-4833-BC2D-1CABC493265D}.Debug|Any CPU.Build.0 = Debug|Any CPU
		{EA2BBAB6-4361-4833-BC2D-1CABC493265D}.Release|Any CPU.ActiveCfg = Release|Any CPU
		{EA2BBAB6-4361-4833-BC2D-1CABC493265D}.Release|Any CPU.Build.0 = Release|Any CPU
	EndGlobalSection
	GlobalSection(SolutionProperties) = preSolution
		HideSolutionNode = FALSE
	EndGlobalSection
	GlobalSection(ExtensibilityGlobals) = postSolution
		SolutionGuid = {EDFB2037-548D-4955-B061-933B5FDAD027}
	EndGlobalSection
EndGlobal
